lockfileVersion: '9.0'

settings:
  autoInstallPeers: true
  excludeLinksFromLockfile: false

overrides:
  '@mastra/cli/cli/cli/rag': link:../../../../packages/rag

importers:

  .:
    dependencies:
      '@mastra/cli/cli/cli/rag':
        specifier: link:../../../../packages/rag
        version: link:../../../../packages/rag
